// !$*UTF8*$!
{
	archiveVersion = 1;
	classes = {
	};
	objectVersion = 46;
	objects = {

/* Begin PBXBuildFile section */
		000B00451F19BD96008D80B1 /* TTSplash.storyboard in Resources */ = {isa = PBXBuildFile; fileRef = 000B00431F19BD96008D80B1 /* TTSplash.storyboard */; };
		000B00461F19BD96008D80B1 /* TTSplashAssets.xcassets in Resources */ = {isa = PBXBuildFile; fileRef = 000B00441F19BD96008D80B1 /* TTSplashAssets.xcassets */; };
		0062594C1F0969C300D0F0E9 /* TTCircularProgressView.swift in Sources */ = {isa = PBXBuildFile; fileRef = 006259481F0969C300D0F0E9 /* TTCircularProgressView.swift */; };
		0062594D1F0969C300D0F0E9 /* TTCircularProgressViewWithLabel.swift in Sources */ = {isa = PBXBuildFile; fileRef = 006259491F0969C300D0F0E9 /* TTCircularProgressViewWithLabel.swift */; };
		0062594E1F0969C300D0F0E9 /* TTLinearProgressView.swift in Sources */ = {isa = PBXBuildFile; fileRef = 0062594A1F0969C300D0F0E9 /* TTLinearProgressView.swift */; };
		0062594F1F0969C300D0F0E9 /* TTProgressView.swift in Sources */ = {isa = PBXBuildFile; fileRef = 0062594B1F0969C300D0F0E9 /* TTProgressView.swift */; };
		009B58C41F073EFB00A76AA6 /* AppDelegate.swift in Sources */ = {isa = PBXBuildFile; fileRef = 009B58C31F073EFB00A76AA6 /* AppDelegate.swift */; };
		009B58C61F073EFB00A76AA6 /* ViewController.swift in Sources */ = {isa = PBXBuildFile; fileRef = 009B58C51F073EFB00A76AA6 /* ViewController.swift */; };
		009B58C91F073EFB00A76AA6 /* Main.storyboard in Resources */ = {isa = PBXBuildFile; fileRef = 009B58C71F073EFB00A76AA6 /* Main.storyboard */; };
		009B58CB1F073EFB00A76AA6 /* Assets.xcassets in Resources */ = {isa = PBXBuildFile; fileRef = 009B58CA1F073EFB00A76AA6 /* Assets.xcassets */; };
		009B58CE1F073EFB00A76AA6 /* LaunchScreen.storyboard in Resources */ = {isa = PBXBuildFile; fileRef = 009B58CC1F073EFB00A76AA6 /* LaunchScreen.storyboard */; };
/* End PBXBuildFile section */

/* Begin PBXFileReference section */
		000B00431F19BD96008D80B1 /* TTSplash.storyboard */ = {isa = PBXFileReference; fileEncoding = 4; lastKnownFileType = file.storyboard; name = TTSplash.storyboard; path = TTSplash/TTSplash.storyboard; sourceTree = SOURCE_ROOT; };
		000B00441F19BD96008D80B1 /* TTSplashAssets.xcassets */ = {isa = PBXFileReference; lastKnownFileType = folder.assetcatalog; name = TTSplashAssets.xcassets; path = TTSplash/TTSplashAssets.xcassets; sourceTree = SOURCE_ROOT; };
		006259481F0969C300D0F0E9 /* TTCircularProgressView.swift */ = {isa = PBXFileReference; fileEncoding = 4; lastKnownFileType = sourcecode.swift; path = TTCircularProgressView.swift; sourceTree = "<group>"; };
		006259491F0969C300D0F0E9 /* TTCircularProgressViewWithLabel.swift */ = {isa = PBXFileReference; fileEncoding = 4; lastKnownFileType = sourcecode.swift; path = TTCircularProgressViewWithLabel.swift; sourceTree = "<group>"; };
		0062594A1F0969C300D0F0E9 /* TTLinearProgressView.swift */ = {isa = PBXFileReference; fileEncoding = 4; lastKnownFileType = sourcecode.swift; path = TTLinearProgressView.swift; sourceTree = "<group>"; };
		0062594B1F0969C300D0F0E9 /* TTProgressView.swift */ = {isa = PBXFileReference; fileEncoding = 4; lastKnownFileType = sourcecode.swift; path = TTProgressView.swift; sourceTree = "<group>"; };
		009B58C01F073EFB00A76AA6 /* TTProgress Example.app */ = {isa = PBXFileReference; explicitFileType = wrapper.application; includeInIndex = 0; path = "TTProgress Example.app"; sourceTree = BUILT_PRODUCTS_DIR; };
		009B58C31F073EFB00A76AA6 /* AppDelegate.swift */ = {isa = PBXFileReference; lastKnownFileType = sourcecode.swift; path = AppDelegate.swift; sourceTree = "<group>"; };
		009B58C51F073EFB00A76AA6 /* ViewController.swift */ = {isa = PBXFileReference; lastKnownFileType = sourcecode.swift; path = ViewController.swift; sourceTree = "<group>"; };
		009B58C81F073EFB00A76AA6 /* Base */ = {isa = PBXFileReference; lastKnownFileType = file.storyboard; name = Base; path = Base.lproj/Main.storyboard; sourceTree = "<group>"; };
		009B58CA1F073EFB00A76AA6 /* Assets.xcassets */ = {isa = PBXFileReference; lastKnownFileType = folder.assetcatalog; path = Assets.xcassets; sourceTree = "<group>"; };
		009B58CD1F073EFB00A76AA6 /* Base */ = {isa = PBXFileReference; lastKnownFileType = file.storyboard; name = Base; path = Base.lproj/LaunchScreen.storyboard; sourceTree = "<group>"; };
		009B58CF1F073EFB00A76AA6 /* Info.plist */ = {isa = PBXFileReference; lastKnownFileType = text.plist.xml; path = Info.plist; sourceTree = "<group>"; };
/* End PBXFileReference section */

/* Begin PBXFrameworksBuildPhase section */
		009B58BD1F073EFB00A76AA6 /* Frameworks */ = {
			isa = PBXFrameworksBuildPhase;
			buildActionMask = 2147483647;
			files = (
			);
			runOnlyForDeploymentPostprocessing = 0;
		};
/* End PBXFrameworksBuildPhase section */

/* Begin PBXGroup section */
		000BFFAF1F0C6040008D80B1 /* TTSplash */ = {
			isa = PBXGroup;
			children = (
				000B00431F19BD96008D80B1 /* TTSplash.storyboard */,
				000B00441F19BD96008D80B1 /* TTSplashAssets.xcassets */,
			);
			name = TTSplash;
			path = ../TTProgressView;
			sourceTree = "<group>";
		};
		006259351F08748300D0F0E9 /* TTProgressVIew */ = {
			isa = PBXGroup;
			children = (
				0062594B1F0969C300D0F0E9 /* TTProgressView.swift */,
				0062594A1F0969C300D0F0E9 /* TTLinearProgressView.swift */,
				006259481F0969C300D0F0E9 /* TTCircularProgressView.swift */,
				006259491F0969C300D0F0E9 /* TTCircularProgressViewWithLabel.swift */,
			);
			name = TTProgressVIew;
			path = ../TTProgressView;
			sourceTree = "<group>";
		};
		009B58B71F073EFB00A76AA6 = {
			isa = PBXGroup;
			children = (
				009B58C21F073EFB00A76AA6 /* TTProgress Example */,
				009B58C11F073EFB00A76AA6 /* Products */,
			);
			sourceTree = "<group>";
		};
		009B58C11F073EFB00A76AA6 /* Products */ = {
			isa = PBXGroup;
			children = (
				009B58C01F073EFB00A76AA6 /* TTProgress Example.app */,
			);
			name = Products;
			sourceTree = "<group>";
		};
		009B58C21F073EFB00A76AA6 /* TTProgress Example */ = {
			isa = PBXGroup;
			children = (
				009B58C31F073EFB00A76AA6 /* AppDelegate.swift */,
				009B58C51F073EFB00A76AA6 /* ViewController.swift */,
				006259351F08748300D0F0E9 /* TTProgressVIew */,
				009B58C71F073EFB00A76AA6 /* Main.storyboard */,
				000BFFAF1F0C6040008D80B1 /* TTSplash */,
				009B58CA1F073EFB00A76AA6 /* Assets.xcassets */,
				009B58CC1F073EFB00A76AA6 /* LaunchScreen.storyboard */,
				009B58CF1F073EFB00A76AA6 /* Info.plist */,
			);
			path = "TTProgress Example";
			sourceTree = "<group>";
		};
/* End PBXGroup section */

/* Begin PBXNativeTarget section */
		009B58BF1F073EFB00A76AA6 /* TTProgress Example */ = {
			isa = PBXNativeTarget;
			buildConfigurationList = 009B58D21F073EFB00A76AA6 /* Build configuration list for PBXNativeTarget "TTProgress Example" */;
			buildPhases = (
				009B58BC1F073EFB00A76AA6 /* Sources */,
				009B58BD1F073EFB00A76AA6 /* Frameworks */,
				009B58BE1F073EFB00A76AA6 /* Resources */,
			);
			buildRules = (
			);
			dependencies = (
			);
			name = "TTProgress Example";
			productName = TTProgressView;
			productReference = 009B58C01F073EFB00A76AA6 /* TTProgress Example.app */;
			productType = "com.apple.product-type.application";
		};
/* End PBXNativeTarget section */

/* Begin PBXProject section */
		009B58B81F073EFB00A76AA6 /* Project object */ = {
			isa = PBXProject;
			attributes = {
				LastSwiftUpdateCheck = 0820;
				LastUpgradeCheck = 0930;
				ORGANIZATIONNAME = Dalmunc;
				TargetAttributes = {
					009B58BF1F073EFB00A76AA6 = {
						CreatedOnToolsVersion = 8.2;
						DevelopmentTeam = 4PK8BH6D6G;
						LastSwiftMigration = 1010;
						ProvisioningStyle = Automatic;
					};
				};
			};
			buildConfigurationList = 009B58BB1F073EFB00A76AA6 /* Build configuration list for PBXProject "TTProgress Example" */;
			compatibilityVersion = "Xcode 3.2";
			developmentRegion = English;
			hasScannedForEncodings = 0;
			knownRegions = (
				en,
				Base,
			);
			mainGroup = 009B58B71F073EFB00A76AA6;
			productRefGroup = 009B58C11F073EFB00A76AA6 /* Products */;
			projectDirPath = "";
			projectRoot = "";
			targets = (
				009B58BF1F073EFB00A76AA6 /* TTProgress Example */,
			);
		};
/* End PBXProject section */

/* Begin PBXResourcesBuildPhase section */
		009B58BE1F073EFB00A76AA6 /* Resources */ = {
			isa = PBXResourcesBuildPhase;
			buildActionMask = 2147483647;
			files = (
				009B58CE1F073EFB00A76AA6 /* LaunchScreen.storyboard in Resources */,
				009B58CB1F073EFB00A76AA6 /* Assets.xcassets in Resources */,
				009B58C91F073EFB00A76AA6 /* Main.storyboard in Resources */,
				000B00461F19BD96008D80B1 /* TTSplashAssets.xcassets in Resources */,
				000B00451F19BD96008D80B1 /* TTSplash.storyboard in Resources */,
			);
			runOnlyForDeploymentPostprocessing = 0;
		};
/* End PBXResourcesBuildPhase section */

/* Begin PBXSourcesBuildPhase section */
		009B58BC1F073EFB00A76AA6 /* Sources */ = {
			isa = PBXSourcesBuildPhase;
			buildActionMask = 2147483647;
			files = (
				0062594D1F0969C300D0F0E9 /* TTCircularProgressViewWithLabel.swift in Sources */,
				0062594F1F0969C300D0F0E9 /* TTProgressView.swift in Sources */,
				0062594E1F0969C300D0F0E9 /* TTLinearProgressView.swift in Sources */,
				009B58C61F073EFB00A76AA6 /* ViewController.swift in Sources */,
				0062594C1F0969C300D0F0E9 /* TTCircularProgressView.swift in Sources */,
				009B58C41F073EFB00A76AA6 /* AppDelegate.swift in Sources */,
			);
			runOnlyForDeploymentPostprocessing = 0;
		};
/* End PBXSourcesBuildPhase section */

/* Begin PBXVariantGroup section */
		009B58C71F073EFB00A76AA6 /* Main.storyboard */ = {
			isa = PBXVariantGroup;
			children = (
				009B58C81F073EFB00A76AA6 /* Base */,
			);
			name = Main.storyboard;
			sourceTree = "<group>";
		};
		009B58CC1F073EFB00A76AA6 /* LaunchScreen.storyboard */ = {
			isa = PBXVariantGroup;
			children = (
				009B58CD1F073EFB00A76AA6 /* Base */,
			);
			name = LaunchScreen.storyboard;
			sourceTree = "<group>";
		};
/* End PBXVariantGroup section */

/* Begin XCBuildConfiguration section */
		009B58D01F073EFB00A76AA6 /* Debug */ = {
			isa = XCBuildConfiguration;
			buildSettings = {
				ALWAYS_SEARCH_USER_PATHS = NO;
				CLANG_ANALYZER_NONNULL = YES;
				CLANG_CXX_LANGUAGE_STANDARD = "gnu++0x";
				CLANG_CXX_LIBRARY = "libc++";
				CLANG_ENABLE_MODULES = YES;
				CLANG_ENABLE_OBJC_ARC = YES;
				CLANG_WARN_BLOCK_CAPTURE_AUTORELEASING = YES;
				CLANG_WARN_BOOL_CONVERSION = YES;
				CLANG_WARN_COMMA = YES;
				CLANG_WARN_CONSTANT_CONVERSION = YES;
				CLANG_WARN_DEPRECATED_OBJC_IMPLEMENTATIONS = YES;
				CLANG_WARN_DIRECT_OBJC_ISA_USAGE = YES_ERROR;
				CLANG_WARN_DOCUMENTATION_COMMENTS = YES;
				CLANG_WARN_EMPTY_BODY = YES;
				CLANG_WARN_ENUM_CONVERSION = YES;
				CLANG_WARN_INFINITE_RECURSION = YES;
				CLANG_WARN_INT_CONVERSION = YES;
				CLANG_WARN_NON_LITERAL_NULL_CONVERSION = YES;
				CLANG_WARN_OBJC_IMPLICIT_RETAIN_SELF = YES;
				CLANG_WARN_OBJC_LITERAL_CONVERSION = YES;
				CLANG_WARN_OBJC_ROOT_CLASS = YES_ERROR;
				CLANG_WARN_RANGE_LOOP_ANALYSIS = YES;
				CLANG_WARN_STRICT_PROTOTYPES = YES;
				CLANG_WARN_SUSPICIOUS_MOVE = YES;
				CLANG_WARN_UNREACHABLE_CODE = YES;
				CLANG_WARN__DUPLICATE_METHOD_MATCH = YES;
				"CODE_SIGN_IDENTITY[sdk=iphoneos*]" = "iPhone Developer";
				COPY_PHASE_STRIP = NO;
				DEBUG_INFORMATION_FORMAT = dwarf;
				ENABLE_STRICT_OBJC_MSGSEND = YES;
				ENABLE_TESTABILITY = YES;
				GCC_C_LANGUAGE_STANDARD = gnu99;
				GCC_DYNAMIC_NO_PIC = NO;
				GCC_NO_COMMON_BLOCKS = YES;
				GCC_OPTIMIZATION_LEVEL = 0;
				GCC_PREPROCESSOR_DEFINITIONS = (
					"DEBUG=1",
					"$(inherited)",
				);
				GCC_WARN_64_TO_32_BIT_CONVERSION = YES;
				GCC_WARN_ABOUT_RETURN_TYPE = YES_ERROR;
				GCC_WARN_UNDECLARED_SELECTOR = YES;
				GCC_WARN_UNINITIALIZED_AUTOS = YES_AGGRESSIVE;
				GCC_WARN_UNUSED_FUNCTION = YES;
				GCC_WARN_UNUSED_VARIABLE = YES;
				IPHONEOS_DEPLOYMENT_TARGET = 10.2;
				MTL_ENABLE_DEBUG_INFO = YES;
				ONLY_ACTIVE_ARCH = YES;
				SDKROOT = iphoneos;
				SWIFT_ACTIVE_COMPILATION_CONDITIONS = DEBUG;
				SWIFT_OPTIMIZATION_LEVEL = "-Onone";
				TARGETED_DEVICE_FAMILY = "1,2";
			};
			name = Debug;
		};
		009B58D11F073EFB00A76AA6 /* Release */ = {
			isa = XCBuildConfiguration;
			buildSettings = {
				ALWAYS_SEARCH_USER_PATHS = NO;
				CLANG_ANALYZER_NONNULL = YES;
				CLANG_CXX_LANGUAGE_STANDARD = "gnu++0x";
				CLANG_CXX_LIBRARY = "libc++";
				CLANG_ENABLE_MODULES = YES;
				CLANG_ENABLE_OBJC_ARC = YES;
				CLANG_WARN_BLOCK_CAPTURE_AUTORELEASING = YES;
				CLANG_WARN_BOOL_CONVERSION = YES;
				CLANG_WARN_COMMA = YES;
				CLANG_WARN_CONSTANT_CONVERSION = YES;
				CLANG_WARN_DEPRECATED_OBJC_IMPLEMENTATIONS = YES;
				CLANG_WARN_DIRECT_OBJC_ISA_USAGE = YES_ERROR;
				CLANG_WARN_DOCUMENTATION_COMMENTS = YES;
				CLANG_WARN_EMPTY_BODY = YES;
				CLANG_WARN_ENUM_CONVERSION = YES;
				CLANG_WARN_INFINITE_RECURSION = YES;
				CLANG_WARN_INT_CONVERSION = YES;
				CLANG_WARN_NON_LITERAL_NULL_CONVERSION = YES;
				CLANG_WARN_OBJC_IMPLICIT_RETAIN_SELF = YES;
				CLANG_WARN_OBJC_LITERAL_CONVERSION = YES;
				CLANG_WARN_OBJC_ROOT_CLASS = YES_ERROR;
				CLANG_WARN_RANGE_LOOP_ANALYSIS = YES;
				CLANG_WARN_STRICT_PROTOTYPES = YES;
				CLANG_WARN_SUSPICIOUS_MOVE = YES;
				CLANG_WARN_UNREACHABLE_CODE = YES;
				CLANG_WARN__DUPLICATE_METHOD_MATCH = YES;
				"CODE_SIGN_IDENTITY[sdk=iphoneos*]" = "iPhone Developer";
				COPY_PHASE_STRIP = NO;
				DEBUG_INFORMATION_FORMAT = "dwarf-with-dsym";
				ENABLE_NS_ASSERTIONS = NO;
				ENABLE_STRICT_OBJC_MSGSEND = YES;
				GCC_C_LANGUAGE_STANDARD = gnu99;
				GCC_NO_COMMON_BLOCKS = YES;
				GCC_WARN_64_TO_32_BIT_CONVERSION = YES;
				GCC_WARN_ABOUT_RETURN_TYPE = YES_ERROR;
				GCC_WARN_UNDECLARED_SELECTOR = YES;
				GCC_WARN_UNINITIALIZED_AUTOS = YES_AGGRESSIVE;
				GCC_WARN_UNUSED_FUNCTION = YES;
				GCC_WARN_UNUSED_VARIABLE = YES;
				IPHONEOS_DEPLOYMENT_TARGET = 10.2;
				MTL_ENABLE_DEBUG_INFO = NO;
				SDKROOT = iphoneos;
				SWIFT_OPTIMIZATION_LEVEL = "-Owholemodule";
				TARGETED_DEVICE_FAMILY = "1,2";
				VALIDATE_PRODUCT = YES;
			};
			name = Release;
		};
		009B58D31F073EFB00A76AA6 /* Debug */ = {
			isa = XCBuildConfiguration;
			buildSettings = {
				ASSETCATALOG_COMPILER_APPICON_NAME = AppIcon;
				DEVELOPMENT_TEAM = 4PK8BH6D6G;
				INFOPLIST_FILE = "$(SRCROOT)/TTProgress Example/Info.plist";
				IPHONEOS_DEPLOYMENT_TARGET = 9.0;
				LD_RUNPATH_SEARCH_PATHS = "$(inherited) @executable_path/Frameworks";
				PRODUCT_BUNDLE_IDENTIFIER = com.dalmunc.TTProgressView;
				PRODUCT_NAME = "$(TARGET_NAME)";
				SWIFT_VERSION = 4.2;
			};
			name = Debug;
		};
		009B58D41F073EFB00A76AA6 /* Release */ = {
			isa = XCBuildConfiguration;
			buildSettings = {
				ASSETCATALOG_COMPILER_APPICON_NAME = AppIcon;
				DEVELOPMENT_TEAM = 4PK8BH6D6G;
				INFOPLIST_FILE = "$(SRCROOT)/TTProgress Example/Info.plist";
				IPHONEOS_DEPLOYMENT_TARGET = 9.0;
				LD_RUNPATH_SEARCH_PATHS = "$(inherited) @executable_path/Frameworks";
				PRODUCT_BUNDLE_IDENTIFIER = com.dalmunc.TTProgressView;
				PRODUCT_NAME = "$(TARGET_NAME)";
				SWIFT_VERSION = 4.2;
			};
			name = Release;
		};
/* End XCBuildConfiguration section */

/* Begin XCConfigurationList section */
		009B58BB1F073EFB00A76AA6 /* Build configuration list for PBXProject "TTProgress Example" */ = {
			isa = XCConfigurationList;
			buildConfigurations = (
				009B58D01F073EFB00A76AA6 /* Debug */,
				009B58D11F073EFB00A76AA6 /* Release */,
			);
			defaultConfigurationIsVisible = 0;
			defaultConfigurationName = Release;
		};
		009B58D21F073EFB00A76AA6 /* Build configuration list for PBXNativeTarget "TTProgress Example" */ = {
			isa = XCConfigurationList;
			buildConfigurations = (
				009B58D31F073EFB00A76AA6 /* Debug */,
				009B58D41F073EFB00A76AA6 /* Release */,
			);
			defaultConfigurationIsVisible = 0;
			defaultConfigurationName = Release;
		};
/* End XCConfigurationList section */
	};
	rootObject = 009B58B81F073EFB00A76AA6 /* Project object */;
}
